
Microsoft Visual Studio Solution File, Format Version 12.00
# Visual Studio 15
VisualStudioVersion = 15.0.27703.2026
MinimumVisualStudioVersion = 10.0.40219.1
Project("{9A19103F-16F7-4668-BE54-9A1E7A4F7556}") = "OneExpFitness", "OneExpFitness\OneExpFitness.csproj", "{D19BB724-6A91-4A6A-8FD1-0E9A1DFE4614}"
EndProject
Project("{9A19103F-16F7-4668-BE54-9A1E7A4F7556}") = "OneExpFitness.Repository", "OneExpFitness.Repository\OneExpFitness.Repository.csproj", "{63D57914-47D4-4370-A67D-9C5A699E5718}"
EndProject
Project("{FAE04EC0-301F-11D3-BF4B-00C04F79EFBC}") = "OneExpFitness.ViewModels", "OneExpFitness.ViewModels\OneExpFitness.ViewModels.csproj", "{6DB5AAFF-2047-4E35-8A6B-C588D55584E9}"
EndProject
Global
	GlobalSection(SolutionConfigurationPlatforms) = preSolution
		Debug|Any CPU = Debug|Any CPU
		Release|Any CPU = Release|Any CPU
	EndGlobalSection
	GlobalSection(ProjectConfigurationPlatforms) = postSolution
		{D19BB724-6A91-4A6A-8FD1-0E9A1DFE4614}.Debug|Any CPU.ActiveCfg = Debug|Any CPU
		{D19BB724-6A91-4A6A-8FD1-0E9A1DFE4614}.Debug|Any CPU.Build.0 = Debug|Any CPU
		{D19BB724-6A91-4A6A-8FD1-0E9A1DFE4614}.Release|Any CPU.ActiveCfg = Release|Any CPU
		{D19BB724-6A91-4A6A-8FD1-0E9A1DFE4614}.Release|Any CPU.Build.0 = Release|Any CPU
		{63D57914-47D4-4370-A67D-9C5A699E5718}.Debug|Any CPU.ActiveCfg = Debug|Any CPU
		{63D57914-47D4-4370-A67D-9C5A699E5718}.Debug|Any CPU.Build.0 = Debug|Any CPU
		{63D57914-47D4-4370-A67D-9C5A699E5718}.Release|Any CPU.ActiveCfg = Release|Any CPU
		{63D57914-47D4-4370-A67D-9C5A699E5718}.Release|Any CPU.Build.0 = Release|Any CPU
		{6DB5AAFF-2047-4E35-8A6B-C588D55584E9}.Debug|Any CPU.ActiveCfg = Debug|Any CPU
		{6DB5AAFF-2047-4E35-8A6B-C588D55584E9}.Debug|Any CPU.Build.0 = Debug|Any CPU
		{6DB5AAFF-2047-4E35-8A6B-C588D55584E9}.Release|Any CPU.ActiveCfg = Release|Any CPU
		{6DB5AAFF-2047-4E35-8A6B-C588D55584E9}.Release|Any CPU.Build.0 = Release|Any CPU
	EndGlobalSection
	GlobalSection(SolutionProperties) = preSolution
		HideSolutionNode = FALSE
	EndGlobalSection
	GlobalSection(ExtensibilityGlobals) = postSolution
		SolutionGuid = {166E63DA-DF46-47A9-83F9-161583C289A2}
	EndGlobalSection
EndGlobal
